
Microsoft Visual Studio Solution File, Format Version 12.00
# Visual Studio Version 16
VisualStudioVersion = 16.0.28721.148
MinimumVisualStudioVersion = 10.0.40219.1
Project("{FAE04EC0-301F-11D3-BF4B-00C04F79EFBC}") = "HostingTest", "HostingTest\HostingTest.csproj", "{06B581D7-50D4-45E0-8997-A288285D1D2E}"
EndProject
Global
	GlobalSection(SolutionConfigurationPlatforms) = preSolution
		Debug|Any CPU = Debug|Any CPU
		Release|Any CPU = Release|Any CPU
	EndGlobalSection
	GlobalSection(ProjectConfigurationPlatforms) = postSolution
		{06B581D7-50D4-45E0-8997-A288285D1D2E}.Debug|Any CPU.ActiveCfg = Debug|Any CPU
		{06B581D7-50D4-45E0-8997-A288285D1D2E}.Debug|Any CPU.Build.0 = Debug|Any CPU
		{06B581D7-50D4-45E0-8997-A288285D1D2E}.Release|Any CPU.ActiveCfg = Release|Any CPU
		{06B581D7-50D4-45E0-8997-A288285D1D2E}.Release|Any CPU.Build.0 = Release|Any CPU
	EndGlobalSection
	GlobalSection(SolutionProperties) = preSolution
		HideSolutionNode = FALSE
	EndGlobalSection
	GlobalSection(ExtensibilityGlobals) = postSolution
		SolutionGuid = {045EBA6F-AFDD-4545-AE59-6DF663AB8383}
	EndGlobalSection
EndGlobal
